<Solution>
  <Folder Name="/src/" />
  <Folder Name="/src/Services/" />
  <Folder Name="/src/Services/ParkingService/">
    <Project Path="src/Services/ParkingService/SmartParking.ParkingService.Domain/SmartParking.ParkingService.Domain.csproj" />
    <Project Path="src/Services/ParkingService/SmartParking.ParkingService.Application/SmartParking.ParkingService.Application.csproj" />
    <Project Path="src/Services/ParkingService/SmartParking.ParkingService.Persistence/SmartParking.ParkingService.Persistence.csproj" />
  </Folder>
  <Folder Name="/src/Services/UserService/">
    <Project Path="src/Services/UserService/SmartParking.UserService.API/SmartParking.UserService.API.csproj" />
    <Project Path="src/Services/UserService/SmartParking.UserService.Application/SmartParking.UserService.Application.csproj" />
    <Project Path="src/Services/UserService/SmartParking.UserService.Domain/SmartParking.UserService.Domain.csproj" />
    <Project Path="src/Services/UserService/SmartParking.UserService.Infrastructure/SmartParking.UserService.Infrastructure.csproj" />
    <Project Path="src/Services/UserService/SmartParking.UserService.Persistence/SmartParking.UserService.Persistence.csproj" />
  </Folder>
  <Folder Name="/tests/" />
  <Folder Name="/tests/Services/">
    <Project Path="tests/Services/SmartParking.ParkingService.Tests/SmartParking.ParkingService.Tests.csproj" />
    <Project Path="tests/Services/SmartParking.UserService.Tests/SmartParking.UserService.Tests.csproj" />
  </Folder>
</Solution>
